// !$*UTF8*$!
{
	archiveVersion = 1;
	classes = {
	};
	objectVersion = 51;
	objects = {

/* Begin PBXBuildFile section */
		16E23107940AC4A417AE7E62 /* Pods_BookSelector.framework in Frameworks */ = {isa = PBXBuildFile; fileRef = 78AA6DA208AFAFC12D7E8AE0 /* Pods_BookSelector.framework */; };
		EC4B4C0B28D21D8300285221 /* AppDelegate.swift in Sources */ = {isa = PBXBuildFile; fileRef = EC4B4C0A28D21D8300285221 /* AppDelegate.swift */; };
		EC4B4C0D28D21D8300285221 /* SceneDelegate.swift in Sources */ = {isa = PBXBuildFile; fileRef = EC4B4C0C28D21D8300285221 /* SceneDelegate.swift */; };
		EC4B4C0F28D21D8300285221 /* ViewController.swift in Sources */ = {isa = PBXBuildFile; fileRef = EC4B4C0E28D21D8300285221 /* ViewController.swift */; };
		EC4B4C1228D21D8300285221 /* Main.storyboard in Resources */ = {isa = PBXBuildFile; fileRef = EC4B4C1028D21D8300285221 /* Main.storyboard */; };
		EC4B4C1428D21D8A00285221 /* Assets.xcassets in Resources */ = {isa = PBXBuildFile; fileRef = EC4B4C1328D21D8A00285221 /* Assets.xcassets */; };
		EC4B4C1728D21D8A00285221 /* LaunchScreen.storyboard in Resources */ = {isa = PBXBuildFile; fileRef = EC4B4C1528D21D8A00285221 /* LaunchScreen.storyboard */; };
		EC4B4C2328D21E2800285221 /* OpenLibraryViewController.swift in Sources */ = {isa = PBXBuildFile; fileRef = EC4B4C2228D21E2800285221 /* OpenLibraryViewController.swift */; };
		EC4B4C2528D21E4B00285221 /* OpenLibraryView.swift in Sources */ = {isa = PBXBuildFile; fileRef = EC4B4C2428D21E4B00285221 /* OpenLibraryView.swift */; };
		EC4B4C2728D21E6600285221 /* OpenLibraryModel.swift in Sources */ = {isa = PBXBuildFile; fileRef = EC4B4C2628D21E6600285221 /* OpenLibraryModel.swift */; };
		EC4B4C2A28D21EB300285221 /* AppConfigurator.swift in Sources */ = {isa = PBXBuildFile; fileRef = EC4B4C2928D21EB300285221 /* AppConfigurator.swift */; };
		EC4B4C2C28D21ED800285221 /* Coordinator.swift in Sources */ = {isa = PBXBuildFile; fileRef = EC4B4C2B28D21ED800285221 /* Coordinator.swift */; };
		EC4B4C2E28D21F0200285221 /* StoryboardLoadable.swift in Sources */ = {isa = PBXBuildFile; fileRef = EC4B4C2D28D21F0200285221 /* StoryboardLoadable.swift */; };
		EC4B4C3028D21F2600285221 /* ScreensCoordinator.swift in Sources */ = {isa = PBXBuildFile; fileRef = EC4B4C2F28D21F2600285221 /* ScreensCoordinator.swift */; };
		EC4B4C3328D2287D00285221 /* NetworkMenegers.swift in Sources */ = {isa = PBXBuildFile; fileRef = EC4B4C3228D2287D00285221 /* NetworkMenegers.swift */; };
		EC4B4C3528D22C2E00285221 /* OpenLibraryResponseData.swift in Sources */ = {isa = PBXBuildFile; fileRef = EC4B4C3428D22C2E00285221 /* OpenLibraryResponseData.swift */; };
		EC4B4C3728D22DE200285221 /* OpenLibraryViewController+.swift in Sources */ = {isa = PBXBuildFile; fileRef = EC4B4C3628D22DE200285221 /* OpenLibraryViewController+.swift */; };
		EC4B4C3A28D2324200285221 /* CollectionViewCell.swift in Sources */ = {isa = PBXBuildFile; fileRef = EC4B4C3828D2324200285221 /* CollectionViewCell.swift */; };
		EC4B4C3B28D2324200285221 /* CollectionViewCell.xib in Resources */ = {isa = PBXBuildFile; fileRef = EC4B4C3928D2324200285221 /* CollectionViewCell.xib */; };
		EC4B4C3D28D23DB700285221 /* Colors.swift in Sources */ = {isa = PBXBuildFile; fileRef = EC4B4C3C28D23DB700285221 /* Colors.swift */; };
		EC4B4C4228D6496B00285221 /* OpenLibraryData.swift in Sources */ = {isa = PBXBuildFile; fileRef = EC4B4C4128D6496A00285221 /* OpenLibraryData.swift */; };
		EC4B4C4828D9F25100285221 /* BooksModel.swift in Sources */ = {isa = PBXBuildFile; fileRef = EC4B4C4728D9F25100285221 /* BooksModel.swift */; };
		EC4B4C4A28E034D900285221 /* SomeConstraints.swift in Sources */ = {isa = PBXBuildFile; fileRef = EC4B4C4928E034D900285221 /* SomeConstraints.swift */; };
		EC4B4C4C28E0371700285221 /* Fonts.swift in Sources */ = {isa = PBXBuildFile; fileRef = EC4B4C4B28E0371700285221 /* Fonts.swift */; };
		EC4B4C5428E3794500285221 /* DetailOpenLibraryViewController.swift in Sources */ = {isa = PBXBuildFile; fileRef = EC4B4C5328E3794400285221 /* DetailOpenLibraryViewController.swift */; };
		EC4B4C5628E3796100285221 /* DetailOpenLibraryView.swift in Sources */ = {isa = PBXBuildFile; fileRef = EC4B4C5528E3796100285221 /* DetailOpenLibraryView.swift */; };
		EC5F237D28E5D7DD00399189 /* OpenLibraryViewControllerDelegate.swift in Sources */ = {isa = PBXBuildFile; fileRef = EC5F237C28E5D7DD00399189 /* OpenLibraryViewControllerDelegate.swift */; };
/* End PBXBuildFile section */

/* Begin PBXFileReference section */
		78AA6DA208AFAFC12D7E8AE0 /* Pods_BookSelector.framework */ = {isa = PBXFileReference; explicitFileType = wrapper.framework; includeInIndex = 0; path = Pods_BookSelector.framework; sourceTree = BUILT_PRODUCTS_DIR; };
		8AC51BDA0CF58A363D9367A6 /* Pods-BookSelector.release.xcconfig */ = {isa = PBXFileReference; includeInIndex = 1; lastKnownFileType = text.xcconfig; name = "Pods-BookSelector.release.xcconfig"; path = "Target Support Files/Pods-BookSelector/Pods-BookSelector.release.xcconfig"; sourceTree = "<group>"; };
		EC4B4C0728D21D8300285221 /* BookSelector.app */ = {isa = PBXFileReference; explicitFileType = wrapper.application; includeInIndex = 0; path = BookSelector.app; sourceTree = BUILT_PRODUCTS_DIR; };
		EC4B4C0A28D21D8300285221 /* AppDelegate.swift */ = {isa = PBXFileReference; lastKnownFileType = sourcecode.swift; path = AppDelegate.swift; sourceTree = "<group>"; };
		EC4B4C0C28D21D8300285221 /* SceneDelegate.swift */ = {isa = PBXFileReference; lastKnownFileType = sourcecode.swift; path = SceneDelegate.swift; sourceTree = "<group>"; };
		EC4B4C0E28D21D8300285221 /* ViewController.swift */ = {isa = PBXFileReference; lastKnownFileType = sourcecode.swift; path = ViewController.swift; sourceTree = "<group>"; };
		EC4B4C1128D21D8300285221 /* Base */ = {isa = PBXFileReference; lastKnownFileType = file.storyboard; name = Base; path = Base.lproj/Main.storyboard; sourceTree = "<group>"; };
		EC4B4C1328D21D8A00285221 /* Assets.xcassets */ = {isa = PBXFileReference; lastKnownFileType = folder.assetcatalog; path = Assets.xcassets; sourceTree = "<group>"; };
		EC4B4C1628D21D8A00285221 /* Base */ = {isa = PBXFileReference; lastKnownFileType = file.storyboard; name = Base; path = Base.lproj/LaunchScreen.storyboard; sourceTree = "<group>"; };
		EC4B4C1828D21D8A00285221 /* Info.plist */ = {isa = PBXFileReference; lastKnownFileType = text.plist.xml; path = Info.plist; sourceTree = "<group>"; };
		EC4B4C2228D21E2800285221 /* OpenLibraryViewController.swift */ = {isa = PBXFileReference; lastKnownFileType = sourcecode.swift; path = OpenLibraryViewController.swift; sourceTree = "<group>"; };
		EC4B4C2428D21E4B00285221 /* OpenLibraryView.swift */ = {isa = PBXFileReference; lastKnownFileType = sourcecode.swift; path = OpenLibraryView.swift; sourceTree = "<group>"; };
		EC4B4C2628D21E6600285221 /* OpenLibraryModel.swift */ = {isa = PBXFileReference; lastKnownFileType = sourcecode.swift; path = OpenLibraryModel.swift; sourceTree = "<group>"; };
		EC4B4C2928D21EB300285221 /* AppConfigurator.swift */ = {isa = PBXFileReference; lastKnownFileType = sourcecode.swift; path = AppConfigurator.swift; sourceTree = "<group>"; };
		EC4B4C2B28D21ED800285221 /* Coordinator.swift */ = {isa = PBXFileReference; lastKnownFileType = sourcecode.swift; path = Coordinator.swift; sourceTree = "<group>"; };
		EC4B4C2D28D21F0200285221 /* StoryboardLoadable.swift */ = {isa = PBXFileReference; lastKnownFileType = sourcecode.swift; path = StoryboardLoadable.swift; sourceTree = "<group>"; };
		EC4B4C2F28D21F2600285221 /* ScreensCoordinator.swift */ = {isa = PBXFileReference; lastKnownFileType = sourcecode.swift; path = ScreensCoordinator.swift; sourceTree = "<group>"; };
		EC4B4C3228D2287D00285221 /* NetworkMenegers.swift */ = {isa = PBXFileReference; lastKnownFileType = sourcecode.swift; path = NetworkMenegers.swift; sourceTree = "<group>"; };
		EC4B4C3428D22C2E00285221 /* OpenLibraryResponseData.swift */ = {isa = PBXFileReference; lastKnownFileType = sourcecode.swift; path = OpenLibraryResponseData.swift; sourceTree = "<group>"; };
		EC4B4C3628D22DE200285221 /* OpenLibraryViewController+.swift */ = {isa = PBXFileReference; lastKnownFileType = sourcecode.swift; path = "OpenLibraryViewController+.swift"; sourceTree = "<group>"; };
		EC4B4C3828D2324200285221 /* CollectionViewCell.swift */ = {isa = PBXFileReference; lastKnownFileType = sourcecode.swift; path = CollectionViewCell.swift; sourceTree = "<group>"; };
		EC4B4C3928D2324200285221 /* CollectionViewCell.xib */ = {isa = PBXFileReference; lastKnownFileType = file.xib; path = CollectionViewCell.xib; sourceTree = "<group>"; };
		EC4B4C3C28D23DB700285221 /* Colors.swift */ = {isa = PBXFileReference; lastKnownFileType = sourcecode.swift; path = Colors.swift; sourceTree = "<group>"; };
		EC4B4C4128D6496A00285221 /* OpenLibraryData.swift */ = {isa = PBXFileReference; lastKnownFileType = sourcecode.swift; path = OpenLibraryData.swift; sourceTree = "<group>"; };
		EC4B4C4728D9F25100285221 /* BooksModel.swift */ = {isa = PBXFileReference; lastKnownFileType = sourcecode.swift; path = BooksModel.swift; sourceTree = "<group>"; };
		EC4B4C4928E034D900285221 /* SomeConstraints.swift */ = {isa = PBXFileReference; lastKnownFileType = sourcecode.swift; path = SomeConstraints.swift; sourceTree = "<group>"; };
		EC4B4C4B28E0371700285221 /* Fonts.swift */ = {isa = PBXFileReference; lastKnownFileType = sourcecode.swift; path = Fonts.swift; sourceTree = "<group>"; };
		EC4B4C5328E3794400285221 /* DetailOpenLibraryViewController.swift */ = {isa = PBXFileReference; lastKnownFileType = sourcecode.swift; path = DetailOpenLibraryViewController.swift; sourceTree = "<group>"; };
		EC4B4C5528E3796100285221 /* DetailOpenLibraryView.swift */ = {isa = PBXFileReference; lastKnownFileType = sourcecode.swift; path = DetailOpenLibraryView.swift; sourceTree = "<group>"; };
		EC5F237C28E5D7DD00399189 /* OpenLibraryViewControllerDelegate.swift */ = {isa = PBXFileReference; lastKnownFileType = sourcecode.swift; path = OpenLibraryViewControllerDelegate.swift; sourceTree = "<group>"; };
		FE782F59A07D3F0C89469BF8 /* Pods-BookSelector.debug.xcconfig */ = {isa = PBXFileReference; includeInIndex = 1; lastKnownFileType = text.xcconfig; name = "Pods-BookSelector.debug.xcconfig"; path = "Target Support Files/Pods-BookSelector/Pods-BookSelector.debug.xcconfig"; sourceTree = "<group>"; };
/* End PBXFileReference section */

/* Begin PBXFrameworksBuildPhase section */
		EC4B4C0428D21D8300285221 /* Frameworks */ = {
			isa = PBXFrameworksBuildPhase;
			buildActionMask = 2147483647;
			files = (
				16E23107940AC4A417AE7E62 /* Pods_BookSelector.framework in Frameworks */,
			);
			runOnlyForDeploymentPostprocessing = 0;
		};
/* End PBXFrameworksBuildPhase section */

/* Begin PBXGroup section */
		0778B3255B936EA865F0554B /* Pods */ = {
			isa = PBXGroup;
			children = (
				FE782F59A07D3F0C89469BF8 /* Pods-BookSelector.debug.xcconfig */,
				8AC51BDA0CF58A363D9367A6 /* Pods-BookSelector.release.xcconfig */,
			);
			path = Pods;
			sourceTree = "<group>";
		};
		64C3972047E243F4BD831FED /* Frameworks */ = {
			isa = PBXGroup;
			children = (
				78AA6DA208AFAFC12D7E8AE0 /* Pods_BookSelector.framework */,
			);
			name = Frameworks;
			sourceTree = "<group>";
		};
		EC4B4BFE28D21D8300285221 = {
			isa = PBXGroup;
			children = (
				EC4B4C4F28E378E900285221 /* PicsumPhoto */,
				EC4B4C4B28E0371700285221 /* Fonts.swift */,
				EC4B4C4928E034D900285221 /* SomeConstraints.swift */,
				EC4B4C3C28D23DB700285221 /* Colors.swift */,
				EC4B4C3128D2286200285221 /* Menegers */,
				EC4B4C1E28D21DCA00285221 /* OpenLibrary */,
				EC4B4C2828D21E9C00285221 /* Coordinator */,
				EC4B4C0928D21D8300285221 /* BookSelector */,
				EC4B4C0828D21D8300285221 /* Products */,
				0778B3255B936EA865F0554B /* Pods */,
				64C3972047E243F4BD831FED /* Frameworks */,
			);
			sourceTree = "<group>";
		};
		EC4B4C0828D21D8300285221 /* Products */ = {
			isa = PBXGroup;
			children = (
				EC4B4C0728D21D8300285221 /* BookSelector.app */,
			);
			name = Products;
			sourceTree = "<group>";
		};
		EC4B4C0928D21D8300285221 /* BookSelector */ = {
			isa = PBXGroup;
			children = (
				EC4B4C0A28D21D8300285221 /* AppDelegate.swift */,
				EC4B4C0C28D21D8300285221 /* SceneDelegate.swift */,
				EC4B4C0E28D21D8300285221 /* ViewController.swift */,
				EC4B4C1028D21D8300285221 /* Main.storyboard */,
				EC4B4C1328D21D8A00285221 /* Assets.xcassets */,
				EC4B4C1528D21D8A00285221 /* LaunchScreen.storyboard */,
				EC4B4C1828D21D8A00285221 /* Info.plist */,
			);
			path = BookSelector;
			sourceTree = "<group>";
		};
		EC4B4C1E28D21DCA00285221 /* OpenLibrary */ = {
			isa = PBXGroup;
			children = (
				EC4B4C1F28D21DDB00285221 /* Controller */,
				EC4B4C2128D21DEF00285221 /* View */,
				EC4B4C2028D21DE500285221 /* Model */,
			);
			path = OpenLibrary;
			sourceTree = "<group>";
		};
		EC4B4C1F28D21DDB00285221 /* Controller */ = {
			isa = PBXGroup;
			children = (
				EC4B4C2228D21E2800285221 /* OpenLibraryViewController.swift */,
				EC4B4C3628D22DE200285221 /* OpenLibraryViewController+.swift */,
				EC5F237C28E5D7DD00399189 /* OpenLibraryViewControllerDelegate.swift */,
			);
			path = Controller;
			sourceTree = "<group>";
		};
		EC4B4C2028D21DE500285221 /* Model */ = {
			isa = PBXGroup;
			children = (
				EC4B4C2628D21E6600285221 /* OpenLibraryModel.swift */,
				EC4B4C4128D6496A00285221 /* OpenLibraryData.swift */,
				EC4B4C4728D9F25100285221 /* BooksModel.swift */,
			);
			path = Model;
			sourceTree = "<group>";
		};
		EC4B4C2128D21DEF00285221 /* View */ = {
			isa = PBXGroup;
			children = (
				EC4B4C2428D21E4B00285221 /* OpenLibraryView.swift */,
				EC4B4C3828D2324200285221 /* CollectionViewCell.swift */,
				EC4B4C3928D2324200285221 /* CollectionViewCell.xib */,
			);
			path = View;
			sourceTree = "<group>";
		};
		EC4B4C2828D21E9C00285221 /* Coordinator */ = {
			isa = PBXGroup;
			children = (
				EC4B4C2928D21EB300285221 /* AppConfigurator.swift */,
				EC4B4C2B28D21ED800285221 /* Coordinator.swift */,
				EC4B4C2D28D21F0200285221 /* StoryboardLoadable.swift */,
				EC4B4C2F28D21F2600285221 /* ScreensCoordinator.swift */,
			);
			path = Coordinator;
			sourceTree = "<group>";
		};
		EC4B4C3128D2286200285221 /* Menegers */ = {
			isa = PBXGroup;
			children = (
				EC4B4C3228D2287D00285221 /* NetworkMenegers.swift */,
				EC4B4C3428D22C2E00285221 /* OpenLibraryResponseData.swift */,
			);
			path = Menegers;
			sourceTree = "<group>";
		};
		EC4B4C4F28E378E900285221 /* PicsumPhoto */ = {
			isa = PBXGroup;
			children = (
				EC4B4C5228E3791200285221 /* Controller */,
				EC4B4C5128E3790A00285221 /* View */,
				EC4B4C5028E3790200285221 /* Model */,
			);
			path = PicsumPhoto;
			sourceTree = "<group>";
		};
		EC4B4C5028E3790200285221 /* Model */ = {
			isa = PBXGroup;
			children = (
			);
			path = Model;
			sourceTree = "<group>";
		};
		EC4B4C5128E3790A00285221 /* View */ = {
			isa = PBXGroup;
			children = (
				EC4B4C5528E3796100285221 /* DetailOpenLibraryView.swift */,
			);
			path = View;
			sourceTree = "<group>";
		};
		EC4B4C5228E3791200285221 /* Controller */ = {
			isa = PBXGroup;
			children = (
				EC4B4C5328E3794400285221 /* DetailOpenLibraryViewController.swift */,
			);
			path = Controller;
			sourceTree = "<group>";
		};
/* End PBXGroup section */

/* Begin PBXNativeTarget section */
		EC4B4C0628D21D8300285221 /* BookSelector */ = {
			isa = PBXNativeTarget;
			buildConfigurationList = EC4B4C1B28D21D8A00285221 /* Build configuration list for PBXNativeTarget "BookSelector" */;
			buildPhases = (
				17BD75BE58C2A9F971E02695 /* [CP] Check Pods Manifest.lock */,
				EC4B4C0328D21D8300285221 /* Sources */,
				EC4B4C0428D21D8300285221 /* Frameworks */,
				EC4B4C0528D21D8300285221 /* Resources */,
				812090CE459FA4E5246460BC /* [CP] Embed Pods Frameworks */,
				EC4B4C3E28D4C63300285221 /* ShellScript */,
			);
			buildRules = (
			);
			dependencies = (
			);
			name = BookSelector;
			productName = BookSelector;
			productReference = EC4B4C0728D21D8300285221 /* BookSelector.app */;
			productType = "com.apple.product-type.application";
		};
/* End PBXNativeTarget section */

/* Begin PBXProject section */
		EC4B4BFF28D21D8300285221 /* Project object */ = {
			isa = PBXProject;
			attributes = {
				LastSwiftUpdateCheck = 1250;
				LastUpgradeCheck = 1250;
				TargetAttributes = {
					EC4B4C0628D21D8300285221 = {
						CreatedOnToolsVersion = 12.5.1;
					};
				};
			};
			buildConfigurationList = EC4B4C0228D21D8300285221 /* Build configuration list for PBXProject "BookSelector" */;
			compatibilityVersion = "Xcode 9.3";
			developmentRegion = en;
			hasScannedForEncodings = 0;
			knownRegions = (
				en,
				Base,
			);
			mainGroup = EC4B4BFE28D21D8300285221;
			productRefGroup = EC4B4C0828D21D8300285221 /* Products */;
			projectDirPath = "";
			projectRoot = "";
			targets = (
				EC4B4C0628D21D8300285221 /* BookSelector */,
			);
		};
/* End PBXProject section */

/* Begin PBXResourcesBuildPhase section */
		EC4B4C0528D21D8300285221 /* Resources */ = {
			isa = PBXResourcesBuildPhase;
			buildActionMask = 2147483647;
			files = (
				EC4B4C1728D21D8A00285221 /* LaunchScreen.storyboard in Resources */,
				EC4B4C1428D21D8A00285221 /* Assets.xcassets in Resources */,
				EC4B4C3B28D2324200285221 /* CollectionViewCell.xib in Resources */,
				EC4B4C1228D21D8300285221 /* Main.storyboard in Resources */,
			);
			runOnlyForDeploymentPostprocessing = 0;
		};
/* End PBXResourcesBuildPhase section */

/* Begin PBXShellScriptBuildPhase section */
		17BD75BE58C2A9F971E02695 /* [CP] Check Pods Manifest.lock */ = {
			isa = PBXShellScriptBuildPhase;
			buildActionMask = 2147483647;
			files = (
			);
			inputFileListPaths = (
			);
			inputPaths = (
				"${PODS_PODFILE_DIR_PATH}/Podfile.lock",
				"${PODS_ROOT}/Manifest.lock",
			);
			name = "[CP] Check Pods Manifest.lock";
			outputFileListPaths = (
			);
			outputPaths = (
				"$(DERIVED_FILE_DIR)/Pods-BookSelector-checkManifestLockResult.txt",
			);
			runOnlyForDeploymentPostprocessing = 0;
			shellPath = /bin/sh;
			shellScript = "diff \"${PODS_PODFILE_DIR_PATH}/Podfile.lock\" \"${PODS_ROOT}/Manifest.lock\" > /dev/null\nif [ $? != 0 ] ; then\n    # print error to STDERR\n    echo \"error: The sandbox is not in sync with the Podfile.lock. Run 'pod install' or update your CocoaPods installation.\" >&2\n    exit 1\nfi\n# This output is used by Xcode 'outputs' to avoid re-running this script phase.\necho \"SUCCESS\" > \"${SCRIPT_OUTPUT_FILE_0}\"\n";
			showEnvVarsInLog = 0;
		};
		812090CE459FA4E5246460BC /* [CP] Embed Pods Frameworks */ = {
			isa = PBXShellScriptBuildPhase;
			buildActionMask = 2147483647;
			files = (
			);
			inputFileListPaths = (
				"${PODS_ROOT}/Target Support Files/Pods-BookSelector/Pods-BookSelector-frameworks-${CONFIGURATION}-input-files.xcfilelist",
			);
			name = "[CP] Embed Pods Frameworks";
			outputFileListPaths = (
				"${PODS_ROOT}/Target Support Files/Pods-BookSelector/Pods-BookSelector-frameworks-${CONFIGURATION}-output-files.xcfilelist",
			);
			runOnlyForDeploymentPostprocessing = 0;
			shellPath = /bin/sh;
			shellScript = "\"${PODS_ROOT}/Target Support Files/Pods-BookSelector/Pods-BookSelector-frameworks.sh\"\n";
			showEnvVarsInLog = 0;
		};
		EC4B4C3E28D4C63300285221 /* ShellScript */ = {
			isa = PBXShellScriptBuildPhase;
			buildActionMask = 2147483647;
			files = (
			);
			inputFileListPaths = (
			);
			inputPaths = (
			);
			outputFileListPaths = (
			);
			outputPaths = (
			);
			runOnlyForDeploymentPostprocessing = 0;
			shellPath = /bin/sh;
			shellScript = "\"${PODS_ROOT}/SwiftLint/swiftlint\"\n";
		};
/* End PBXShellScriptBuildPhase section */

/* Begin PBXSourcesBuildPhase section */
		EC4B4C0328D21D8300285221 /* Sources */ = {
			isa = PBXSourcesBuildPhase;
			buildActionMask = 2147483647;
			files = (
				EC4B4C3528D22C2E00285221 /* OpenLibraryResponseData.swift in Sources */,
				EC4B4C4228D6496B00285221 /* OpenLibraryData.swift in Sources */,
				EC4B4C3D28D23DB700285221 /* Colors.swift in Sources */,
				EC4B4C3728D22DE200285221 /* OpenLibraryViewController+.swift in Sources */,
				EC4B4C4828D9F25100285221 /* BooksModel.swift in Sources */,
				EC4B4C3028D21F2600285221 /* ScreensCoordinator.swift in Sources */,
				EC4B4C2C28D21ED800285221 /* Coordinator.swift in Sources */,
				EC5F237D28E5D7DD00399189 /* OpenLibraryViewControllerDelegate.swift in Sources */,
				EC4B4C5628E3796100285221 /* DetailOpenLibraryView.swift in Sources */,
				EC4B4C2A28D21EB300285221 /* AppConfigurator.swift in Sources */,
				EC4B4C2328D21E2800285221 /* OpenLibraryViewController.swift in Sources */,
				EC4B4C0F28D21D8300285221 /* ViewController.swift in Sources */,
				EC4B4C4A28E034D900285221 /* SomeConstraints.swift in Sources */,
				EC4B4C2E28D21F0200285221 /* StoryboardLoadable.swift in Sources */,
				EC4B4C2528D21E4B00285221 /* OpenLibraryView.swift in Sources */,
				EC4B4C5428E3794500285221 /* DetailOpenLibraryViewController.swift in Sources */,
				EC4B4C2728D21E6600285221 /* OpenLibraryModel.swift in Sources */,
				EC4B4C3A28D2324200285221 /* CollectionViewCell.swift in Sources */,
				EC4B4C3328D2287D00285221 /* NetworkMenegers.swift in Sources */,
				EC4B4C0B28D21D8300285221 /* AppDelegate.swift in Sources */,
				EC4B4C4C28E0371700285221 /* Fonts.swift in Sources */,
				EC4B4C0D28D21D8300285221 /* SceneDelegate.swift in Sources */,
			);
			runOnlyForDeploymentPostprocessing = 0;
		};
/* End PBXSourcesBuildPhase section */

/* Begin PBXVariantGroup section */
		EC4B4C1028D21D8300285221 /* Main.storyboard */ = {
			isa = PBXVariantGroup;
			children = (
				EC4B4C1128D21D8300285221 /* Base */,
			);
			name = Main.storyboard;
			sourceTree = "<group>";
		};
		EC4B4C1528D21D8A00285221 /* LaunchScreen.storyboard */ = {
			isa = PBXVariantGroup;
			children = (
				EC4B4C1628D21D8A00285221 /* Base */,
			);
			name = LaunchScreen.storyboard;
			sourceTree = "<group>";
		};
/* End PBXVariantGroup section */

/* Begin XCBuildConfiguration section */
		EC4B4C1928D21D8A00285221 /* Debug */ = {
			isa = XCBuildConfiguration;
			buildSettings = {
				ALWAYS_SEARCH_USER_PATHS = NO;
				CLANG_ANALYZER_NONNULL = YES;
				CLANG_ANALYZER_NUMBER_OBJECT_CONVERSION = YES_AGGRESSIVE;
				CLANG_CXX_LANGUAGE_STANDARD = "gnu++14";
				CLANG_CXX_LIBRARY = "libc++";
				CLANG_ENABLE_MODULES = YES;
				CLANG_ENABLE_OBJC_ARC = YES;
				CLANG_ENABLE_OBJC_WEAK = YES;
				CLANG_WARN_BLOCK_CAPTURE_AUTORELEASING = YES;
				CLANG_WARN_BOOL_CONVERSION = YES;
				CLANG_WARN_COMMA = YES;
				CLANG_WARN_CONSTANT_CONVERSION = YES;
				CLANG_WARN_DEPRECATED_OBJC_IMPLEMENTATIONS = YES;
				CLANG_WARN_DIRECT_OBJC_ISA_USAGE = YES_ERROR;
				CLANG_WARN_DOCUMENTATION_COMMENTS = YES;
				CLANG_WARN_EMPTY_BODY = YES;
				CLANG_WARN_ENUM_CONVERSION = YES;
				CLANG_WARN_INFINITE_RECURSION = YES;
				CLANG_WARN_INT_CONVERSION = YES;
				CLANG_WARN_NON_LITERAL_NULL_CONVERSION = YES;
				CLANG_WARN_OBJC_IMPLICIT_RETAIN_SELF = YES;
				CLANG_WARN_OBJC_LITERAL_CONVERSION = YES;
				CLANG_WARN_OBJC_ROOT_CLASS = YES_ERROR;
				CLANG_WARN_QUOTED_INCLUDE_IN_FRAMEWORK_HEADER = YES;
				CLANG_WARN_RANGE_LOOP_ANALYSIS = YES;
				CLANG_WARN_STRICT_PROTOTYPES = YES;
				CLANG_WARN_SUSPICIOUS_MOVE = YES;
				CLANG_WARN_UNGUARDED_AVAILABILITY = YES_AGGRESSIVE;
				CLANG_WARN_UNREACHABLE_CODE = YES;
				CLANG_WARN__DUPLICATE_METHOD_MATCH = YES;
				COPY_PHASE_STRIP = NO;
				DEBUG_INFORMATION_FORMAT = dwarf;
				ENABLE_STRICT_OBJC_MSGSEND = YES;
				ENABLE_TESTABILITY = YES;
				GCC_C_LANGUAGE_STANDARD = gnu11;
				GCC_DYNAMIC_NO_PIC = NO;
				GCC_NO_COMMON_BLOCKS = YES;
				GCC_OPTIMIZATION_LEVEL = 0;
				GCC_PREPROCESSOR_DEFINITIONS = (
					"DEBUG=1",
					"$(inherited)",
				);
				GCC_WARN_64_TO_32_BIT_CONVERSION = YES;
				GCC_WARN_ABOUT_RETURN_TYPE = YES_ERROR;
				GCC_WARN_UNDECLARED_SELECTOR = YES;
				GCC_WARN_UNINITIALIZED_AUTOS = YES_AGGRESSIVE;
				GCC_WARN_UNUSED_FUNCTION = YES;
				GCC_WARN_UNUSED_VARIABLE = YES;
				IPHONEOS_DEPLOYMENT_TARGET = 14.5;
				MTL_ENABLE_DEBUG_INFO = INCLUDE_SOURCE;
				MTL_FAST_MATH = YES;
				ONLY_ACTIVE_ARCH = YES;
				SDKROOT = iphoneos;
				SWIFT_ACTIVE_COMPILATION_CONDITIONS = DEBUG;
				SWIFT_OPTIMIZATION_LEVEL = "-Onone";
			};
			name = Debug;
		};
		EC4B4C1A28D21D8A00285221 /* Release */ = {
			isa = XCBuildConfiguration;
			buildSettings = {
				ALWAYS_SEARCH_USER_PATHS = NO;
				CLANG_ANALYZER_NONNULL = YES;
				CLANG_ANALYZER_NUMBER_OBJECT_CONVERSION = YES_AGGRESSIVE;
				CLANG_CXX_LANGUAGE_STANDARD = "gnu++14";
				CLANG_CXX_LIBRARY = "libc++";
				CLANG_ENABLE_MODULES = YES;
				CLANG_ENABLE_OBJC_ARC = YES;
				CLANG_ENABLE_OBJC_WEAK = YES;
				CLANG_WARN_BLOCK_CAPTURE_AUTORELEASING = YES;
				CLANG_WARN_BOOL_CONVERSION = YES;
				CLANG_WARN_COMMA = YES;
				CLANG_WARN_CONSTANT_CONVERSION = YES;
				CLANG_WARN_DEPRECATED_OBJC_IMPLEMENTATIONS = YES;
				CLANG_WARN_DIRECT_OBJC_ISA_USAGE = YES_ERROR;
				CLANG_WARN_DOCUMENTATION_COMMENTS = YES;
				CLANG_WARN_EMPTY_BODY = YES;
				CLANG_WARN_ENUM_CONVERSION = YES;
				CLANG_WARN_INFINITE_RECURSION = YES;
				CLANG_WARN_INT_CONVERSION = YES;
				CLANG_WARN_NON_LITERAL_NULL_CONVERSION = YES;
				CLANG_WARN_OBJC_IMPLICIT_RETAIN_SELF = YES;
				CLANG_WARN_OBJC_LITERAL_CONVERSION = YES;
				CLANG_WARN_OBJC_ROOT_CLASS = YES_ERROR;
				CLANG_WARN_QUOTED_INCLUDE_IN_FRAMEWORK_HEADER = YES;
				CLANG_WARN_RANGE_LOOP_ANALYSIS = YES;
				CLANG_WARN_STRICT_PROTOTYPES = YES;
				CLANG_WARN_SUSPICIOUS_MOVE = YES;
				CLANG_WARN_UNGUARDED_AVAILABILITY = YES_AGGRESSIVE;
				CLANG_WARN_UNREACHABLE_CODE = YES;
				CLANG_WARN__DUPLICATE_METHOD_MATCH = YES;
				COPY_PHASE_STRIP = NO;
				DEBUG_INFORMATION_FORMAT = "dwarf-with-dsym";
				ENABLE_NS_ASSERTIONS = NO;
				ENABLE_STRICT_OBJC_MSGSEND = YES;
				GCC_C_LANGUAGE_STANDARD = gnu11;
				GCC_NO_COMMON_BLOCKS = YES;
				GCC_WARN_64_TO_32_BIT_CONVERSION = YES;
				GCC_WARN_ABOUT_RETURN_TYPE = YES_ERROR;
				GCC_WARN_UNDECLARED_SELECTOR = YES;
				GCC_WARN_UNINITIALIZED_AUTOS = YES_AGGRESSIVE;
				GCC_WARN_UNUSED_FUNCTION = YES;
				GCC_WARN_UNUSED_VARIABLE = YES;
				IPHONEOS_DEPLOYMENT_TARGET = 14.5;
				MTL_ENABLE_DEBUG_INFO = NO;
				MTL_FAST_MATH = YES;
				SDKROOT = iphoneos;
				SWIFT_COMPILATION_MODE = wholemodule;
				SWIFT_OPTIMIZATION_LEVEL = "-O";
				VALIDATE_PRODUCT = YES;
			};
			name = Release;
		};
		EC4B4C1C28D21D8A00285221 /* Debug */ = {
			isa = XCBuildConfiguration;
			baseConfigurationReference = FE782F59A07D3F0C89469BF8 /* Pods-BookSelector.debug.xcconfig */;
			buildSettings = {
				ASSETCATALOG_COMPILER_APPICON_NAME = AppIcon;
				ASSETCATALOG_COMPILER_GLOBAL_ACCENT_COLOR_NAME = AccentColor;
				CODE_SIGN_STYLE = Automatic;
				INFOPLIST_FILE = BookSelector/Info.plist;
				LD_RUNPATH_SEARCH_PATHS = (
					"$(inherited)",
					"@executable_path/Frameworks",
				);
				PRODUCT_BUNDLE_IDENTIFIER = Boris.BookSelector;
				PRODUCT_NAME = "$(TARGET_NAME)";
				SWIFT_VERSION = 5.0;
				TARGETED_DEVICE_FAMILY = "1,2";
			};
			name = Debug;
		};
		EC4B4C1D28D21D8A00285221 /* Release */ = {
			isa = XCBuildConfiguration;
			baseConfigurationReference = 8AC51BDA0CF58A363D9367A6 /* Pods-BookSelector.release.xcconfig */;
			buildSettings = {
				ASSETCATALOG_COMPILER_APPICON_NAME = AppIcon;
				ASSETCATALOG_COMPILER_GLOBAL_ACCENT_COLOR_NAME = AccentColor;
				CODE_SIGN_STYLE = Automatic;
				INFOPLIST_FILE = BookSelector/Info.plist;
				LD_RUNPATH_SEARCH_PATHS = (
					"$(inherited)",
					"@executable_path/Frameworks",
				);
				PRODUCT_BUNDLE_IDENTIFIER = Boris.BookSelector;
				PRODUCT_NAME = "$(TARGET_NAME)";
				SWIFT_VERSION = 5.0;
				TARGETED_DEVICE_FAMILY = "1,2";
			};
			name = Release;
		};
/* End XCBuildConfiguration section */

/* Begin XCConfigurationList section */
		EC4B4C0228D21D8300285221 /* Build configuration list for PBXProject "BookSelector" */ = {
			isa = XCConfigurationList;
			buildConfigurations = (
				EC4B4C1928D21D8A00285221 /* Debug */,
				EC4B4C1A28D21D8A00285221 /* Release */,
			);
			defaultConfigurationIsVisible = 0;
			defaultConfigurationName = Release;
		};
		EC4B4C1B28D21D8A00285221 /* Build configuration list for PBXNativeTarget "BookSelector" */ = {
			isa = XCConfigurationList;
			buildConfigurations = (
				EC4B4C1C28D21D8A00285221 /* Debug */,
				EC4B4C1D28D21D8A00285221 /* Release */,
			);
			defaultConfigurationIsVisible = 0;
			defaultConfigurationName = Release;
		};
/* End XCConfigurationList section */
	};
	rootObject = EC4B4BFF28D21D8300285221 /* Project object */;
}
